
Microsoft Visual Studio Solution File, Format Version 12.00
# Visual Studio Version 16
VisualStudioVersion = 16.0.31105.61
MinimumVisualStudioVersion = 10.0.40219.1
Project("{9A19103F-16F7-4668-BE54-9A1E7A4F7556}") = "ApiProject", "ApiProject\ApiProject.csproj", "{3832259C-7F17-4C91-8B9C-B83AAAADF1ED}"
EndProject
Project("{FAE04EC0-301F-11D3-BF4B-00C04F79EFBC}") = "ApiProject.Test", "ApiProject.Test\ApiProject.Test.csproj", "{0B3CCE45-3C8B-4DAB-9F33-22ABD70D7CF8}"
EndProject
Global
	GlobalSection(SolutionConfigurationPlatforms) = preSolution
		Debug|Any CPU = Debug|Any CPU
		Release|Any CPU = Release|Any CPU
	EndGlobalSection
	GlobalSection(ProjectConfigurationPlatforms) = postSolution
		{3832259C-7F17-4C91-8B9C-B83AAAADF1ED}.Debug|Any CPU.ActiveCfg = Debug|Any CPU
		{3832259C-7F17-4C91-8B9C-B83AAAADF1ED}.Debug|Any CPU.Build.0 = Debug|Any CPU
		{3832259C-7F17-4C91-8B9C-B83AAAADF1ED}.Release|Any CPU.ActiveCfg = Release|Any CPU
		{3832259C-7F17-4C91-8B9C-B83AAAADF1ED}.Release|Any CPU.Build.0 = Release|Any CPU
		{0B3CCE45-3C8B-4DAB-9F33-22ABD70D7CF8}.Debug|Any CPU.ActiveCfg = Debug|Any CPU
		{0B3CCE45-3C8B-4DAB-9F33-22ABD70D7CF8}.Debug|Any CPU.Build.0 = Debug|Any CPU
		{0B3CCE45-3C8B-4DAB-9F33-22ABD70D7CF8}.Release|Any CPU.ActiveCfg = Release|Any CPU
		{0B3CCE45-3C8B-4DAB-9F33-22ABD70D7CF8}.Release|Any CPU.Build.0 = Release|Any CPU
	EndGlobalSection
	GlobalSection(SolutionProperties) = preSolution
		HideSolutionNode = FALSE
	EndGlobalSection
	GlobalSection(ExtensibilityGlobals) = postSolution
		SolutionGuid = {0433174B-1529-4EC9-8F6C-5C9D4604F363}
	EndGlobalSection
EndGlobal
